
Microsoft Visual Studio Solution File, Format Version 12.00
# Visual Studio Version 17
VisualStudioVersion = 17.9.34728.123
MinimumVisualStudioVersion = 10.0.40219.1
Project("{8BC9CEB8-8B4A-11D0-8D11-00A0C91BC942}") = "KmdfKernelCheat", "KmdfKernelCheat.vcxproj", "{DDE46EC8-4939-4738-8605-77861FD3D3F0}"
EndProject
Global
	GlobalSection(SolutionConfigurationPlatforms) = preSolution
		Debug|ARM64 = Debug|ARM64
		Debug|x64 = Debug|x64
		Release|ARM64 = Release|ARM64
		Release|x64 = Release|x64
	EndGlobalSection
	GlobalSection(ProjectConfigurationPlatforms) = postSolution
		{DDE46EC8-4939-4738-8605-77861FD3D3F0}.Debug|ARM64.ActiveCfg = Debug|ARM64
		{DDE46EC8-4939-4738-8605-77861FD3D3F0}.Debug|ARM64.Build.0 = Debug|ARM64
		{DDE46EC8-4939-4738-8605-77861FD3D3F0}.Debug|ARM64.Deploy.0 = Debug|ARM64
		{DDE46EC8-4939-4738-8605-77861FD3D3F0}.Debug|x64.ActiveCfg = Debug|x64
		{DDE46EC8-4939-4738-8605-77861FD3D3F0}.Debug|x64.Build.0 = Debug|x64
		{DDE46EC8-4939-4738-8605-77861FD3D3F0}.Debug|x64.Deploy.0 = Debug|x64
		{DDE46EC8-4939-4738-8605-77861FD3D3F0}.Release|ARM64.ActiveCfg = Release|ARM64
		{DDE46EC8-4939-4738-8605-77861FD3D3F0}.Release|ARM64.Build.0 = Release|ARM64
		{DDE46EC8-4939-4738-8605-77861FD3D3F0}.Release|ARM64.Deploy.0 = Release|ARM64
		{DDE46EC8-4939-4738-8605-77861FD3D3F0}.Release|x64.ActiveCfg = Release|x64
		{DDE46EC8-4939-4738-8605-77861FD3D3F0}.Release|x64.Build.0 = Release|x64
		{DDE46EC8-4939-4738-8605-77861FD3D3F0}.Release|x64.Deploy.0 = Release|x64
	EndGlobalSection
	GlobalSection(SolutionProperties) = preSolution
		HideSolutionNode = FALSE
	EndGlobalSection
	GlobalSection(ExtensibilityGlobals) = postSolution
		SolutionGuid = {16F19AE1-9832-4F43-B810-B09AC682A80D}
	EndGlobalSection
EndGlobal
